
Microsoft Visual Studio Solution File, Format Version 12.00
# Visual Studio Version 16
VisualStudioVersion = 16.0.29418.71
MinimumVisualStudioVersion = 10.0.40219.1
Project("{2150E333-8FDC-42A3-9474-1A3956D46DE8}") = "01.Clients", "01.Clients", "{4553A42B-0912-443C-8A64-CF0BCD2162A5}"
EndProject
Project("{2150E333-8FDC-42A3-9474-1A3956D46DE8}") = "02.Models", "02.Models", "{0F81D383-E617-4899-83BE-37AAD90194DD}"
EndProject
Project("{FAE04EC0-301F-11D3-BF4B-00C04F79EFBC}") = "ConsoleClient", "clients\ConsoleClient\ConsoleClient.csproj", "{C5E4A523-0A1D-4AA1-AF40-390513306976}"
EndProject
Project("{FAE04EC0-301F-11D3-BF4B-00C04F79EFBC}") = "Models", "models\Models\Models.csproj", "{804A2F85-2271-42F3-8DE8-8D1A23C6E6A4}"
EndProject
Global
	GlobalSection(SolutionConfigurationPlatforms) = preSolution
		Debug|Any CPU = Debug|Any CPU
		Release|Any CPU = Release|Any CPU
	EndGlobalSection
	GlobalSection(ProjectConfigurationPlatforms) = postSolution
		{C5E4A523-0A1D-4AA1-AF40-390513306976}.Debug|Any CPU.ActiveCfg = Debug|Any CPU
		{C5E4A523-0A1D-4AA1-AF40-390513306976}.Debug|Any CPU.Build.0 = Debug|Any CPU
		{C5E4A523-0A1D-4AA1-AF40-390513306976}.Release|Any CPU.ActiveCfg = Release|Any CPU
		{C5E4A523-0A1D-4AA1-AF40-390513306976}.Release|Any CPU.Build.0 = Release|Any CPU
		{804A2F85-2271-42F3-8DE8-8D1A23C6E6A4}.Debug|Any CPU.ActiveCfg = Debug|Any CPU
		{804A2F85-2271-42F3-8DE8-8D1A23C6E6A4}.Debug|Any CPU.Build.0 = Debug|Any CPU
		{804A2F85-2271-42F3-8DE8-8D1A23C6E6A4}.Release|Any CPU.ActiveCfg = Release|Any CPU
		{804A2F85-2271-42F3-8DE8-8D1A23C6E6A4}.Release|Any CPU.Build.0 = Release|Any CPU
	EndGlobalSection
	GlobalSection(SolutionProperties) = preSolution
		HideSolutionNode = FALSE
	EndGlobalSection
	GlobalSection(NestedProjects) = preSolution
		{C5E4A523-0A1D-4AA1-AF40-390513306976} = {4553A42B-0912-443C-8A64-CF0BCD2162A5}
		{804A2F85-2271-42F3-8DE8-8D1A23C6E6A4} = {0F81D383-E617-4899-83BE-37AAD90194DD}
	EndGlobalSection
	GlobalSection(ExtensibilityGlobals) = postSolution
		SolutionGuid = {FFC92DBB-73E8-4352-94CB-28B375B17B4F}
	EndGlobalSection
EndGlobal
